// !$*UTF8*$!
{
	archiveVersion = 1;
	classes = {
	};
	objectVersion = 55;
	objects = {

/* Begin PBXBuildFile section */
		180F2A7F289658E50081F3F5 /* AppDelegate.swift in Sources */ = {isa = PBXBuildFile; fileRef = 180F2A7E289658E50081F3F5 /* AppDelegate.swift */; };
		180F2A81289658E50081F3F5 /* SceneDelegate.swift in Sources */ = {isa = PBXBuildFile; fileRef = 180F2A80289658E50081F3F5 /* SceneDelegate.swift */; };
		180F2A83289658E50081F3F5 /* ViewController.swift in Sources */ = {isa = PBXBuildFile; fileRef = 180F2A82289658E50081F3F5 /* ViewController.swift */; };
		180F2A86289658E50081F3F5 /* Main.storyboard in Resources */ = {isa = PBXBuildFile; fileRef = 180F2A84289658E50081F3F5 /* Main.storyboard */; };
		180F2A89289658E50081F3F5 /* MovieCoreData.xcdatamodeld in Sources */ = {isa = PBXBuildFile; fileRef = 180F2A87289658E50081F3F5 /* MovieCoreData.xcdatamodeld */; };
		180F2A8B289658E80081F3F5 /* Assets.xcassets in Resources */ = {isa = PBXBuildFile; fileRef = 180F2A8A289658E80081F3F5 /* Assets.xcassets */; };
		180F2A8E289658E80081F3F5 /* LaunchScreen.storyboard in Resources */ = {isa = PBXBuildFile; fileRef = 180F2A8C289658E80081F3F5 /* LaunchScreen.storyboard */; };
		188EA0EA28965AB3000A5506 /* Movie+CoreDataClass.swift in Sources */ = {isa = PBXBuildFile; fileRef = 188EA0E828965AB3000A5506 /* Movie+CoreDataClass.swift */; };
		188EA0EB28965AB3000A5506 /* Movie+CoreDataProperties.swift in Sources */ = {isa = PBXBuildFile; fileRef = 188EA0E928965AB3000A5506 /* Movie+CoreDataProperties.swift */; };
		188EA0ED28965B8A000A5506 /* UserRating.swift in Sources */ = {isa = PBXBuildFile; fileRef = 188EA0EC28965B8A000A5506 /* UserRating.swift */; };
		188EA0EF289662C5000A5506 /* movies.json in Resources */ = {isa = PBXBuildFile; fileRef = 188EA0EE289662C5000A5506 /* movies.json */; };
		188EA0F128966398000A5506 /* CoreDataStack.swift in Sources */ = {isa = PBXBuildFile; fileRef = 188EA0F028966398000A5506 /* CoreDataStack.swift */; };
		188EA0F6289669F7000A5506 /* MovieTableViewCell.swift in Sources */ = {isa = PBXBuildFile; fileRef = 188EA0F5289669F7000A5506 /* MovieTableViewCell.swift */; };
/* End PBXBuildFile section */

/* Begin PBXFileReference section */
		180F2A7B289658E50081F3F5 /* MovieCoreData.app */ = {isa = PBXFileReference; explicitFileType = wrapper.application; includeInIndex = 0; path = MovieCoreData.app; sourceTree = BUILT_PRODUCTS_DIR; };
		180F2A7E289658E50081F3F5 /* AppDelegate.swift */ = {isa = PBXFileReference; lastKnownFileType = sourcecode.swift; path = AppDelegate.swift; sourceTree = "<group>"; };
		180F2A80289658E50081F3F5 /* SceneDelegate.swift */ = {isa = PBXFileReference; lastKnownFileType = sourcecode.swift; path = SceneDelegate.swift; sourceTree = "<group>"; };
		180F2A82289658E50081F3F5 /* ViewController.swift */ = {isa = PBXFileReference; lastKnownFileType = sourcecode.swift; path = ViewController.swift; sourceTree = "<group>"; };
		180F2A85289658E50081F3F5 /* Base */ = {isa = PBXFileReference; lastKnownFileType = file.storyboard; name = Base; path = Base.lproj/Main.storyboard; sourceTree = "<group>"; };
		180F2A88289658E50081F3F5 /* MovieCoreData.xcdatamodel */ = {isa = PBXFileReference; lastKnownFileType = wrapper.xcdatamodel; path = MovieCoreData.xcdatamodel; sourceTree = "<group>"; };
		180F2A8A289658E80081F3F5 /* Assets.xcassets */ = {isa = PBXFileReference; lastKnownFileType = folder.assetcatalog; path = Assets.xcassets; sourceTree = "<group>"; };
		180F2A8D289658E80081F3F5 /* Base */ = {isa = PBXFileReference; lastKnownFileType = file.storyboard; name = Base; path = Base.lproj/LaunchScreen.storyboard; sourceTree = "<group>"; };
		180F2A8F289658E80081F3F5 /* Info.plist */ = {isa = PBXFileReference; lastKnownFileType = text.plist.xml; path = Info.plist; sourceTree = "<group>"; };
		188EA0E828965AB3000A5506 /* Movie+CoreDataClass.swift */ = {isa = PBXFileReference; lastKnownFileType = sourcecode.swift; path = "Movie+CoreDataClass.swift"; sourceTree = "<group>"; };
		188EA0E928965AB3000A5506 /* Movie+CoreDataProperties.swift */ = {isa = PBXFileReference; lastKnownFileType = sourcecode.swift; path = "Movie+CoreDataProperties.swift"; sourceTree = "<group>"; };
		188EA0EC28965B8A000A5506 /* UserRating.swift */ = {isa = PBXFileReference; lastKnownFileType = sourcecode.swift; path = UserRating.swift; sourceTree = "<group>"; };
		188EA0EE289662C5000A5506 /* movies.json */ = {isa = PBXFileReference; fileEncoding = 4; lastKnownFileType = text.json; path = movies.json; sourceTree = "<group>"; };
		188EA0F028966398000A5506 /* CoreDataStack.swift */ = {isa = PBXFileReference; lastKnownFileType = sourcecode.swift; path = CoreDataStack.swift; sourceTree = "<group>"; };
		188EA0F5289669F7000A5506 /* MovieTableViewCell.swift */ = {isa = PBXFileReference; lastKnownFileType = sourcecode.swift; path = MovieTableViewCell.swift; sourceTree = "<group>"; };
/* End PBXFileReference section */

/* Begin PBXFrameworksBuildPhase section */
		180F2A78289658E50081F3F5 /* Frameworks */ = {
			isa = PBXFrameworksBuildPhase;
			buildActionMask = 2147483647;
			files = (
			);
			runOnlyForDeploymentPostprocessing = 0;
		};
/* End PBXFrameworksBuildPhase section */

/* Begin PBXGroup section */
		180F2A72289658E50081F3F5 = {
			isa = PBXGroup;
			children = (
				180F2A7D289658E50081F3F5 /* MovieCoreData */,
				180F2A7C289658E50081F3F5 /* Products */,
			);
			sourceTree = "<group>";
		};
		180F2A7C289658E50081F3F5 /* Products */ = {
			isa = PBXGroup;
			children = (
				180F2A7B289658E50081F3F5 /* MovieCoreData.app */,
			);
			name = Products;
			sourceTree = "<group>";
		};
		180F2A7D289658E50081F3F5 /* MovieCoreData */ = {
			isa = PBXGroup;
			children = (
				180F2A95289659400081F3F5 /* Model */,
				180F2A7E289658E50081F3F5 /* AppDelegate.swift */,
				188EA0F22896678E000A5506 /* View */,
				180F2A80289658E50081F3F5 /* SceneDelegate.swift */,
				188EA0EE289662C5000A5506 /* movies.json */,
				188EA0EC28965B8A000A5506 /* UserRating.swift */,
				180F2A82289658E50081F3F5 /* ViewController.swift */,
				180F2A84289658E50081F3F5 /* Main.storyboard */,
				180F2A8A289658E80081F3F5 /* Assets.xcassets */,
				180F2A8C289658E80081F3F5 /* LaunchScreen.storyboard */,
				180F2A8F289658E80081F3F5 /* Info.plist */,
			);
			path = MovieCoreData;
			sourceTree = "<group>";
		};
		180F2A95289659400081F3F5 /* Model */ = {
			isa = PBXGroup;
			children = (
				188EA0E828965AB3000A5506 /* Movie+CoreDataClass.swift */,
				188EA0E928965AB3000A5506 /* Movie+CoreDataProperties.swift */,
				188EA0F028966398000A5506 /* CoreDataStack.swift */,
				180F2A87289658E50081F3F5 /* MovieCoreData.xcdatamodeld */,
			);
			path = Model;
			sourceTree = "<group>";
		};
		188EA0F22896678E000A5506 /* View */ = {
			isa = PBXGroup;
			children = (
				188EA0F5289669F7000A5506 /* MovieTableViewCell.swift */,
			);
			path = View;
			sourceTree = "<group>";
		};
/* End PBXGroup section */

/* Begin PBXNativeTarget section */
		180F2A7A289658E50081F3F5 /* MovieCoreData */ = {
			isa = PBXNativeTarget;
			buildConfigurationList = 180F2A92289658E80081F3F5 /* Build configuration list for PBXNativeTarget "MovieCoreData" */;
			buildPhases = (
				180F2A77289658E50081F3F5 /* Sources */,
				180F2A78289658E50081F3F5 /* Frameworks */,
				180F2A79289658E50081F3F5 /* Resources */,
			);
			buildRules = (
			);
			dependencies = (
			);
			name = MovieCoreData;
			productName = MovieCoreData;
			productReference = 180F2A7B289658E50081F3F5 /* MovieCoreData.app */;
			productType = "com.apple.product-type.application";
		};
/* End PBXNativeTarget section */

/* Begin PBXProject section */
		180F2A73289658E50081F3F5 /* Project object */ = {
			isa = PBXProject;
			attributes = {
				BuildIndependentTargetsInParallel = 1;
				LastSwiftUpdateCheck = 1340;
				LastUpgradeCheck = 1340;
				TargetAttributes = {
					180F2A7A289658E50081F3F5 = {
						CreatedOnToolsVersion = 13.4;
					};
				};
			};
			buildConfigurationList = 180F2A76289658E50081F3F5 /* Build configuration list for PBXProject "MovieCoreData" */;
			compatibilityVersion = "Xcode 13.0";
			developmentRegion = en;
			hasScannedForEncodings = 0;
			knownRegions = (
				en,
				Base,
			);
			mainGroup = 180F2A72289658E50081F3F5;
			productRefGroup = 180F2A7C289658E50081F3F5 /* Products */;
			projectDirPath = "";
			projectRoot = "";
			targets = (
				180F2A7A289658E50081F3F5 /* MovieCoreData */,
			);
		};
/* End PBXProject section */

/* Begin PBXResourcesBuildPhase section */
		180F2A79289658E50081F3F5 /* Resources */ = {
			isa = PBXResourcesBuildPhase;
			buildActionMask = 2147483647;
			files = (
				180F2A8E289658E80081F3F5 /* LaunchScreen.storyboard in Resources */,
				180F2A8B289658E80081F3F5 /* Assets.xcassets in Resources */,
				188EA0EF289662C5000A5506 /* movies.json in Resources */,
				180F2A86289658E50081F3F5 /* Main.storyboard in Resources */,
			);
			runOnlyForDeploymentPostprocessing = 0;
		};
/* End PBXResourcesBuildPhase section */

/* Begin PBXSourcesBuildPhase section */
		180F2A77289658E50081F3F5 /* Sources */ = {
			isa = PBXSourcesBuildPhase;
			buildActionMask = 2147483647;
			files = (
				180F2A83289658E50081F3F5 /* ViewController.swift in Sources */,
				180F2A89289658E50081F3F5 /* MovieCoreData.xcdatamodeld in Sources */,
				188EA0F6289669F7000A5506 /* MovieTableViewCell.swift in Sources */,
				180F2A7F289658E50081F3F5 /* AppDelegate.swift in Sources */,
				188EA0EA28965AB3000A5506 /* Movie+CoreDataClass.swift in Sources */,
				188EA0EB28965AB3000A5506 /* Movie+CoreDataProperties.swift in Sources */,
				180F2A81289658E50081F3F5 /* SceneDelegate.swift in Sources */,
				188EA0ED28965B8A000A5506 /* UserRating.swift in Sources */,
				188EA0F128966398000A5506 /* CoreDataStack.swift in Sources */,
			);
			runOnlyForDeploymentPostprocessing = 0;
		};
/* End PBXSourcesBuildPhase section */

/* Begin PBXVariantGroup section */
		180F2A84289658E50081F3F5 /* Main.storyboard */ = {
			isa = PBXVariantGroup;
			children = (
				180F2A85289658E50081F3F5 /* Base */,
			);
			name = Main.storyboard;
			sourceTree = "<group>";
		};
		180F2A8C289658E80081F3F5 /* LaunchScreen.storyboard */ = {
			isa = PBXVariantGroup;
			children = (
				180F2A8D289658E80081F3F5 /* Base */,
			);
			name = LaunchScreen.storyboard;
			sourceTree = "<group>";
		};
/* End PBXVariantGroup section */

/* Begin XCBuildConfiguration section */
		180F2A90289658E80081F3F5 /* Debug */ = {
			isa = XCBuildConfiguration;
			buildSettings = {
				ALWAYS_SEARCH_USER_PATHS = NO;
				CLANG_ANALYZER_NONNULL = YES;
				CLANG_ANALYZER_NUMBER_OBJECT_CONVERSION = YES_AGGRESSIVE;
				CLANG_CXX_LANGUAGE_STANDARD = "gnu++17";
				CLANG_ENABLE_MODULES = YES;
				CLANG_ENABLE_OBJC_ARC = YES;
				CLANG_ENABLE_OBJC_WEAK = YES;
				CLANG_WARN_BLOCK_CAPTURE_AUTORELEASING = YES;
				CLANG_WARN_BOOL_CONVERSION = YES;
				CLANG_WARN_COMMA = YES;
				CLANG_WARN_CONSTANT_CONVERSION = YES;
				CLANG_WARN_DEPRECATED_OBJC_IMPLEMENTATIONS = YES;
				CLANG_WARN_DIRECT_OBJC_ISA_USAGE = YES_ERROR;
				CLANG_WARN_DOCUMENTATION_COMMENTS = YES;
				CLANG_WARN_EMPTY_BODY = YES;
				CLANG_WARN_ENUM_CONVERSION = YES;
				CLANG_WARN_INFINITE_RECURSION = YES;
				CLANG_WARN_INT_CONVERSION = YES;
				CLANG_WARN_NON_LITERAL_NULL_CONVERSION = YES;
				CLANG_WARN_OBJC_IMPLICIT_RETAIN_SELF = YES;
				CLANG_WARN_OBJC_LITERAL_CONVERSION = YES;
				CLANG_WARN_OBJC_ROOT_CLASS = YES_ERROR;
				CLANG_WARN_QUOTED_INCLUDE_IN_FRAMEWORK_HEADER = YES;
				CLANG_WARN_RANGE_LOOP_ANALYSIS = YES;
				CLANG_WARN_STRICT_PROTOTYPES = YES;
				CLANG_WARN_SUSPICIOUS_MOVE = YES;
				CLANG_WARN_UNGUARDED_AVAILABILITY = YES_AGGRESSIVE;
				CLANG_WARN_UNREACHABLE_CODE = YES;
				CLANG_WARN__DUPLICATE_METHOD_MATCH = YES;
				COPY_PHASE_STRIP = NO;
				DEBUG_INFORMATION_FORMAT = dwarf;
				ENABLE_STRICT_OBJC_MSGSEND = YES;
				ENABLE_TESTABILITY = YES;
				GCC_C_LANGUAGE_STANDARD = gnu11;
				GCC_DYNAMIC_NO_PIC = NO;
				GCC_NO_COMMON_BLOCKS = YES;
				GCC_OPTIMIZATION_LEVEL = 0;
				GCC_PREPROCESSOR_DEFINITIONS = (
					"DEBUG=1",
					"$(inherited)",
				);
				GCC_WARN_64_TO_32_BIT_CONVERSION = YES;
				GCC_WARN_ABOUT_RETURN_TYPE = YES_ERROR;
				GCC_WARN_UNDECLARED_SELECTOR = YES;
				GCC_WARN_UNINITIALIZED_AUTOS = YES_AGGRESSIVE;
				GCC_WARN_UNUSED_FUNCTION = YES;
				GCC_WARN_UNUSED_VARIABLE = YES;
				IPHONEOS_DEPLOYMENT_TARGET = 15.5;
				MTL_ENABLE_DEBUG_INFO = INCLUDE_SOURCE;
				MTL_FAST_MATH = YES;
				ONLY_ACTIVE_ARCH = YES;
				SDKROOT = iphoneos;
				SWIFT_ACTIVE_COMPILATION_CONDITIONS = DEBUG;
				SWIFT_OPTIMIZATION_LEVEL = "-Onone";
			};
			name = Debug;
		};
		180F2A91289658E80081F3F5 /* Release */ = {
			isa = XCBuildConfiguration;
			buildSettings = {
				ALWAYS_SEARCH_USER_PATHS = NO;
				CLANG_ANALYZER_NONNULL = YES;
				CLANG_ANALYZER_NUMBER_OBJECT_CONVERSION = YES_AGGRESSIVE;
				CLANG_CXX_LANGUAGE_STANDARD = "gnu++17";
				CLANG_ENABLE_MODULES = YES;
				CLANG_ENABLE_OBJC_ARC = YES;
				CLANG_ENABLE_OBJC_WEAK = YES;
				CLANG_WARN_BLOCK_CAPTURE_AUTORELEASING = YES;
				CLANG_WARN_BOOL_CONVERSION = YES;
				CLANG_WARN_COMMA = YES;
				CLANG_WARN_CONSTANT_CONVERSION = YES;
				CLANG_WARN_DEPRECATED_OBJC_IMPLEMENTATIONS = YES;
				CLANG_WARN_DIRECT_OBJC_ISA_USAGE = YES_ERROR;
				CLANG_WARN_DOCUMENTATION_COMMENTS = YES;
				CLANG_WARN_EMPTY_BODY = YES;
				CLANG_WARN_ENUM_CONVERSION = YES;
				CLANG_WARN_INFINITE_RECURSION = YES;
				CLANG_WARN_INT_CONVERSION = YES;
				CLANG_WARN_NON_LITERAL_NULL_CONVERSION = YES;
				CLANG_WARN_OBJC_IMPLICIT_RETAIN_SELF = YES;
				CLANG_WARN_OBJC_LITERAL_CONVERSION = YES;
				CLANG_WARN_OBJC_ROOT_CLASS = YES_ERROR;
				CLANG_WARN_QUOTED_INCLUDE_IN_FRAMEWORK_HEADER = YES;
				CLANG_WARN_RANGE_LOOP_ANALYSIS = YES;
				CLANG_WARN_STRICT_PROTOTYPES = YES;
				CLANG_WARN_SUSPICIOUS_MOVE = YES;
				CLANG_WARN_UNGUARDED_AVAILABILITY = YES_AGGRESSIVE;
				CLANG_WARN_UNREACHABLE_CODE = YES;
				CLANG_WARN__DUPLICATE_METHOD_MATCH = YES;
				COPY_PHASE_STRIP = NO;
				DEBUG_INFORMATION_FORMAT = "dwarf-with-dsym";
				ENABLE_NS_ASSERTIONS = NO;
				ENABLE_STRICT_OBJC_MSGSEND = YES;
				GCC_C_LANGUAGE_STANDARD = gnu11;
				GCC_NO_COMMON_BLOCKS = YES;
				GCC_WARN_64_TO_32_BIT_CONVERSION = YES;
				GCC_WARN_ABOUT_RETURN_TYPE = YES_ERROR;
				GCC_WARN_UNDECLARED_SELECTOR = YES;
				GCC_WARN_UNINITIALIZED_AUTOS = YES_AGGRESSIVE;
				GCC_WARN_UNUSED_FUNCTION = YES;
				GCC_WARN_UNUSED_VARIABLE = YES;
				IPHONEOS_DEPLOYMENT_TARGET = 15.5;
				MTL_ENABLE_DEBUG_INFO = NO;
				MTL_FAST_MATH = YES;
				SDKROOT = iphoneos;
				SWIFT_COMPILATION_MODE = wholemodule;
				SWIFT_OPTIMIZATION_LEVEL = "-O";
				VALIDATE_PRODUCT = YES;
			};
			name = Release;
		};
		180F2A93289658E80081F3F5 /* Debug */ = {
			isa = XCBuildConfiguration;
			buildSettings = {
				ASSETCATALOG_COMPILER_APPICON_NAME = AppIcon;
				ASSETCATALOG_COMPILER_GLOBAL_ACCENT_COLOR_NAME = AccentColor;
				CODE_SIGN_STYLE = Automatic;
				CURRENT_PROJECT_VERSION = 1;
				GENERATE_INFOPLIST_FILE = YES;
				INFOPLIST_FILE = MovieCoreData/Info.plist;
				INFOPLIST_KEY_UIApplicationSupportsIndirectInputEvents = YES;
				INFOPLIST_KEY_UILaunchStoryboardName = LaunchScreen;
				INFOPLIST_KEY_UIMainStoryboardFile = Main;
				INFOPLIST_KEY_UISupportedInterfaceOrientations_iPad = "UIInterfaceOrientationPortrait UIInterfaceOrientationPortraitUpsideDown UIInterfaceOrientationLandscapeLeft UIInterfaceOrientationLandscapeRight";
				INFOPLIST_KEY_UISupportedInterfaceOrientations_iPhone = "UIInterfaceOrientationPortrait UIInterfaceOrientationLandscapeLeft UIInterfaceOrientationLandscapeRight";
				LD_RUNPATH_SEARCH_PATHS = (
					"$(inherited)",
					"@executable_path/Frameworks",
				);
				MARKETING_VERSION = 1.0;
				PRODUCT_BUNDLE_IDENTIFIER = Project.MovieCoreData;
				PRODUCT_NAME = "$(TARGET_NAME)";
				SWIFT_EMIT_LOC_STRINGS = YES;
				SWIFT_VERSION = 5.0;
				TARGETED_DEVICE_FAMILY = "1,2";
			};
			name = Debug;
		};
		180F2A94289658E80081F3F5 /* Release */ = {
			isa = XCBuildConfiguration;
			buildSettings = {
				ASSETCATALOG_COMPILER_APPICON_NAME = AppIcon;
				ASSETCATALOG_COMPILER_GLOBAL_ACCENT_COLOR_NAME = AccentColor;
				CODE_SIGN_STYLE = Automatic;
				CURRENT_PROJECT_VERSION = 1;
				GENERATE_INFOPLIST_FILE = YES;
				INFOPLIST_FILE = MovieCoreData/Info.plist;
				INFOPLIST_KEY_UIApplicationSupportsIndirectInputEvents = YES;
				INFOPLIST_KEY_UILaunchStoryboardName = LaunchScreen;
				INFOPLIST_KEY_UIMainStoryboardFile = Main;
				INFOPLIST_KEY_UISupportedInterfaceOrientations_iPad = "UIInterfaceOrientationPortrait UIInterfaceOrientationPortraitUpsideDown UIInterfaceOrientationLandscapeLeft UIInterfaceOrientationLandscapeRight";
				INFOPLIST_KEY_UISupportedInterfaceOrientations_iPhone = "UIInterfaceOrientationPortrait UIInterfaceOrientationLandscapeLeft UIInterfaceOrientationLandscapeRight";
				LD_RUNPATH_SEARCH_PATHS = (
					"$(inherited)",
					"@executable_path/Frameworks",
				);
				MARKETING_VERSION = 1.0;
				PRODUCT_BUNDLE_IDENTIFIER = Project.MovieCoreData;
				PRODUCT_NAME = "$(TARGET_NAME)";
				SWIFT_EMIT_LOC_STRINGS = YES;
				SWIFT_VERSION = 5.0;
				TARGETED_DEVICE_FAMILY = "1,2";
			};
			name = Release;
		};
/* End XCBuildConfiguration section */

/* Begin XCConfigurationList section */
		180F2A76289658E50081F3F5 /* Build configuration list for PBXProject "MovieCoreData" */ = {
			isa = XCConfigurationList;
			buildConfigurations = (
				180F2A90289658E80081F3F5 /* Debug */,
				180F2A91289658E80081F3F5 /* Release */,
			);
			defaultConfigurationIsVisible = 0;
			defaultConfigurationName = Release;
		};
		180F2A92289658E80081F3F5 /* Build configuration list for PBXNativeTarget "MovieCoreData" */ = {
			isa = XCConfigurationList;
			buildConfigurations = (
				180F2A93289658E80081F3F5 /* Debug */,
				180F2A94289658E80081F3F5 /* Release */,
			);
			defaultConfigurationIsVisible = 0;
			defaultConfigurationName = Release;
		};
/* End XCConfigurationList section */

/* Begin XCVersionGroup section */
		180F2A87289658E50081F3F5 /* MovieCoreData.xcdatamodeld */ = {
			isa = XCVersionGroup;
			children = (
				180F2A88289658E50081F3F5 /* MovieCoreData.xcdatamodel */,
			);
			currentVersion = 180F2A88289658E50081F3F5 /* MovieCoreData.xcdatamodel */;
			path = MovieCoreData.xcdatamodeld;
			sourceTree = "<group>";
			versionGroupType = wrapper.xcdatamodel;
		};
/* End XCVersionGroup section */
	};
	rootObject = 180F2A73289658E50081F3F5 /* Project object */;
}
